
Microsoft Visual Studio Solution File, Format Version 12.00
# Visual Studio Version 17
VisualStudioVersion = 17.6.33829.357
MinimumVisualStudioVersion = 10.0.40219.1
Project("{FAE04EC0-301F-11D3-BF4B-00C04F79EFBC}") = "WebApplication3", "WebApplication3\WebApplication3.csproj", "{05707102-053B-4577-B3AA-E82045B046FA}"
EndProject
Global
	GlobalSection(SolutionConfigurationPlatforms) = preSolution
		Debug|Any CPU = Debug|Any CPU
		Release|Any CPU = Release|Any CPU
	EndGlobalSection
	GlobalSection(ProjectConfigurationPlatforms) = postSolution
		{05707102-053B-4577-B3AA-E82045B046FA}.Debug|Any CPU.ActiveCfg = Debug|Any CPU
		{05707102-053B-4577-B3AA-E82045B046FA}.Debug|Any CPU.Build.0 = Debug|Any CPU
		{05707102-053B-4577-B3AA-E82045B046FA}.Release|Any CPU.ActiveCfg = Release|Any CPU
		{05707102-053B-4577-B3AA-E82045B046FA}.Release|Any CPU.Build.0 = Release|Any CPU
	EndGlobalSection
	GlobalSection(SolutionProperties) = preSolution
		HideSolutionNode = FALSE
	EndGlobalSection
	GlobalSection(ExtensibilityGlobals) = postSolution
		SolutionGuid = {84AF2325-47BB-49F3-9BF1-C93479D8D4B2}
	EndGlobalSection
EndGlobal
